
Microsoft Visual Studio Solution File, Format Version 12.00
# Visual Studio 15
VisualStudioVersion = 15.0.27703.1
MinimumVisualStudioVersion = 10.0.40219.1
Project("{FAE04EC0-301F-11D3-BF4B-00C04F79EFBC}") = "TestMax1", "TestMax1\TestMax1.csproj", "{002DCB75-2B3B-4F49-9075-6885278E375B}"
EndProject
Project("{FAE04EC0-301F-11D3-BF4B-00C04F79EFBC}") = "Esercizio2", "Esercizio2\Esercizio2.csproj", "{4E06DB96-A3C0-469F-B2C1-D9F01ECFE622}"
EndProject
Project("{FAE04EC0-301F-11D3-BF4B-00C04F79EFBC}") = "Esercizio 3", "Esercizio 3\Esercizio 3.csproj", "{7B1AC367-655C-4252-B763-768AD85BFB0F}"
EndProject
Project("{FAE04EC0-301F-11D3-BF4B-00C04F79EFBC}") = "Esercizio 4", "Esercizio 4\Esercizio 4.csproj", "{60245399-8B52-4887-8CB2-D32C367A134D}"
EndProject
Project("{2150E333-8FDC-42A3-9474-1A3956D46DE8}") = "Solution Items", "Solution Items", "{46E7B110-FF6E-4FBB-958F-D72B129DDC4B}"
	ProjectSection(SolutionItems) = preProject
		DDL.sql = DDL.sql
	EndProjectSection
EndProject
Global
	GlobalSection(SolutionConfigurationPlatforms) = preSolution
		Debug|Any CPU = Debug|Any CPU
		Release|Any CPU = Release|Any CPU
	EndGlobalSection
	GlobalSection(ProjectConfigurationPlatforms) = postSolution
		{002DCB75-2B3B-4F49-9075-6885278E375B}.Debug|Any CPU.ActiveCfg = Debug|Any CPU
		{002DCB75-2B3B-4F49-9075-6885278E375B}.Debug|Any CPU.Build.0 = Debug|Any CPU
		{002DCB75-2B3B-4F49-9075-6885278E375B}.Release|Any CPU.ActiveCfg = Release|Any CPU
		{002DCB75-2B3B-4F49-9075-6885278E375B}.Release|Any CPU.Build.0 = Release|Any CPU
		{4E06DB96-A3C0-469F-B2C1-D9F01ECFE622}.Debug|Any CPU.ActiveCfg = Debug|Any CPU
		{4E06DB96-A3C0-469F-B2C1-D9F01ECFE622}.Debug|Any CPU.Build.0 = Debug|Any CPU
		{4E06DB96-A3C0-469F-B2C1-D9F01ECFE622}.Release|Any CPU.ActiveCfg = Release|Any CPU
		{4E06DB96-A3C0-469F-B2C1-D9F01ECFE622}.Release|Any CPU.Build.0 = Release|Any CPU
		{7B1AC367-655C-4252-B763-768AD85BFB0F}.Debug|Any CPU.ActiveCfg = Debug|Any CPU
		{7B1AC367-655C-4252-B763-768AD85BFB0F}.Debug|Any CPU.Build.0 = Debug|Any CPU
		{7B1AC367-655C-4252-B763-768AD85BFB0F}.Release|Any CPU.ActiveCfg = Release|Any CPU
		{7B1AC367-655C-4252-B763-768AD85BFB0F}.Release|Any CPU.Build.0 = Release|Any CPU
		{60245399-8B52-4887-8CB2-D32C367A134D}.Debug|Any CPU.ActiveCfg = Debug|Any CPU
		{60245399-8B52-4887-8CB2-D32C367A134D}.Debug|Any CPU.Build.0 = Debug|Any CPU
		{60245399-8B52-4887-8CB2-D32C367A134D}.Release|Any CPU.ActiveCfg = Release|Any CPU
		{60245399-8B52-4887-8CB2-D32C367A134D}.Release|Any CPU.Build.0 = Release|Any CPU
	EndGlobalSection
	GlobalSection(SolutionProperties) = preSolution
		HideSolutionNode = FALSE
	EndGlobalSection
	GlobalSection(ExtensibilityGlobals) = postSolution
		SolutionGuid = {1E2F84EC-1BC9-4DE0-9F17-8BBF6C88D5A8}
	EndGlobalSection
EndGlobal
